
Microsoft Visual Studio Solution File, Format Version 12.00
# Visual Studio 14
VisualStudioVersion = 14.0.25420.1
MinimumVisualStudioVersion = 10.0.40219.1
Project("{FAE04EC0-301F-11D3-BF4B-00C04F79EFBC}") = "ListaStudenti", "ListaStudenti\ListaStudenti.csproj", "{C86CE731-2856-4016-8001-10661B5008BC}"
EndProject
Project("{FAE04EC0-301F-11D3-BF4B-00C04F79EFBC}") = "DocumentFactura", "DocumentFactura\DocumentFactura.csproj", "{2F543605-EDE3-428A-806F-F6190057E61B}"
EndProject
Project("{FAE04EC0-301F-11D3-BF4B-00C04F79EFBC}") = "ModulExcel", "ModulExcel\ModulExcel.csproj", "{6A758208-6BFA-41A6-B721-FA05141D3277}"
EndProject
Global
	GlobalSection(SolutionConfigurationPlatforms) = preSolution
		Debug|Any CPU = Debug|Any CPU
		Release|Any CPU = Release|Any CPU
	EndGlobalSection
	GlobalSection(ProjectConfigurationPlatforms) = postSolution
		{C86CE731-2856-4016-8001-10661B5008BC}.Debug|Any CPU.ActiveCfg = Debug|Any CPU
		{C86CE731-2856-4016-8001-10661B5008BC}.Debug|Any CPU.Build.0 = Debug|Any CPU
		{C86CE731-2856-4016-8001-10661B5008BC}.Release|Any CPU.ActiveCfg = Release|Any CPU
		{C86CE731-2856-4016-8001-10661B5008BC}.Release|Any CPU.Build.0 = Release|Any CPU
		{2F543605-EDE3-428A-806F-F6190057E61B}.Debug|Any CPU.ActiveCfg = Debug|Any CPU
		{2F543605-EDE3-428A-806F-F6190057E61B}.Debug|Any CPU.Build.0 = Debug|Any CPU
		{2F543605-EDE3-428A-806F-F6190057E61B}.Release|Any CPU.ActiveCfg = Release|Any CPU
		{2F543605-EDE3-428A-806F-F6190057E61B}.Release|Any CPU.Build.0 = Release|Any CPU
		{6A758208-6BFA-41A6-B721-FA05141D3277}.Debug|Any CPU.ActiveCfg = Debug|Any CPU
		{6A758208-6BFA-41A6-B721-FA05141D3277}.Debug|Any CPU.Build.0 = Debug|Any CPU
		{6A758208-6BFA-41A6-B721-FA05141D3277}.Release|Any CPU.ActiveCfg = Release|Any CPU
		{6A758208-6BFA-41A6-B721-FA05141D3277}.Release|Any CPU.Build.0 = Release|Any CPU
	EndGlobalSection
	GlobalSection(SolutionProperties) = preSolution
		HideSolutionNode = FALSE
	EndGlobalSection
EndGlobal
